
Microsoft Visual Studio Solution File, Format Version 12.00
# Visual Studio Version 17
VisualStudioVersion = 17.8.34330.188
MinimumVisualStudioVersion = 10.0.40219.1
Project("{FAE04EC0-301F-11D3-BF4B-00C04F79EFBC}") = "ThorofareModMenu", "ThorofareModMenu.csproj", "{891AD2B2-4A1E-43F9-8B96-A6B89BD07E43}"
EndProject
Global
	GlobalSection(SolutionConfigurationPlatforms) = preSolution
		Debug|Any CPU = Debug|Any CPU
		Release|Any CPU = Release|Any CPU
	EndGlobalSection
	GlobalSection(ProjectConfigurationPlatforms) = postSolution
		{891AD2B2-4A1E-43F9-8B96-A6B89BD07E43}.Debug|Any CPU.ActiveCfg = Debug|Any CPU
		{891AD2B2-4A1E-43F9-8B96-A6B89BD07E43}.Debug|Any CPU.Build.0 = Debug|Any CPU
		{891AD2B2-4A1E-43F9-8B96-A6B89BD07E43}.Release|Any CPU.ActiveCfg = Release|Any CPU
		{891AD2B2-4A1E-43F9-8B96-A6B89BD07E43}.Release|Any CPU.Build.0 = Release|Any CPU
	EndGlobalSection
	GlobalSection(SolutionProperties) = preSolution
		HideSolutionNode = FALSE
	EndGlobalSection
	GlobalSection(ExtensibilityGlobals) = postSolution
		SolutionGuid = {00ACDC0B-48AB-4210-AE67-2561E639B36C}
	EndGlobalSection
EndGlobal
